
Microsoft Visual Studio Solution File, Format Version 12.00
# Visual Studio Version 17
VisualStudioVersion = 17.14.36930.0 d17.14
MinimumVisualStudioVersion = 10.0.40219.1
Project("{FAE04EC0-301F-11D3-BF4B-00C04F79EFBC}") = "LoteriaWorkerWeb", "LoteriaWorkerWeb\LoteriaWorkerWeb.csproj", "{F51E8BE8-9E4C-4367-BABE-5140E888EC89}"
EndProject
Global
	GlobalSection(SolutionConfigurationPlatforms) = preSolution
		Debug|Any CPU = Debug|Any CPU
		Release|Any CPU = Release|Any CPU
	EndGlobalSection
	GlobalSection(ProjectConfigurationPlatforms) = postSolution
		{F51E8BE8-9E4C-4367-BABE-5140E888EC89}.Debug|Any CPU.ActiveCfg = Debug|Any CPU
		{F51E8BE8-9E4C-4367-BABE-5140E888EC89}.Debug|Any CPU.Build.0 = Debug|Any CPU
		{F51E8BE8-9E4C-4367-BABE-5140E888EC89}.Release|Any CPU.ActiveCfg = Release|Any CPU
		{F51E8BE8-9E4C-4367-BABE-5140E888EC89}.Release|Any CPU.Build.0 = Release|Any CPU
	EndGlobalSection
	GlobalSection(SolutionProperties) = preSolution
		HideSolutionNode = FALSE
	EndGlobalSection
	GlobalSection(ExtensibilityGlobals) = postSolution
		SolutionGuid = {475733F8-E999-4C37-862C-4B76D8811ABA}
	EndGlobalSection
EndGlobal
